
Microsoft Visual Studio Solution File, Format Version 12.00
Project("{FAE04EC0-301F-11D3-BF4B-00C04F79EFBC}") = "SocketServer", "SocketServer\SocketServer.csproj", "{36FDC7C5-D4D5-48C5-8ABD-D22903B2763C}"
EndProject
Project("{FAE04EC0-301F-11D3-BF4B-00C04F79EFBC}") = "SocketClient", "SocketClient\SocketClient.csproj", "{CF3067D9-0284-4AB7-95A2-2A269EBA5DEB}"
EndProject
Project("{FAE04EC0-301F-11D3-BF4B-00C04F79EFBC}") = "SteamingToolLib", "SteamingToolLib\SteamingToolLib.csproj", "{B7292A31-2412-428A-B22E-86D864D34259}"
EndProject
Project("{FAE04EC0-301F-11D3-BF4B-00C04F79EFBC}") = "FormTest", "FormTest\FormTest.csproj", "{6389E96E-E0D9-48E3-B213-078303453230}"
EndProject
Global
	GlobalSection(SolutionConfigurationPlatforms) = preSolution
		Debug|Any CPU = Debug|Any CPU
		Release|Any CPU = Release|Any CPU
	EndGlobalSection
	GlobalSection(ProjectConfigurationPlatforms) = postSolution
		{36FDC7C5-D4D5-48C5-8ABD-D22903B2763C}.Debug|Any CPU.ActiveCfg = Debug|Any CPU
		{36FDC7C5-D4D5-48C5-8ABD-D22903B2763C}.Debug|Any CPU.Build.0 = Debug|Any CPU
		{36FDC7C5-D4D5-48C5-8ABD-D22903B2763C}.Release|Any CPU.ActiveCfg = Release|Any CPU
		{36FDC7C5-D4D5-48C5-8ABD-D22903B2763C}.Release|Any CPU.Build.0 = Release|Any CPU
		{CF3067D9-0284-4AB7-95A2-2A269EBA5DEB}.Debug|Any CPU.ActiveCfg = Debug|Any CPU
		{CF3067D9-0284-4AB7-95A2-2A269EBA5DEB}.Debug|Any CPU.Build.0 = Debug|Any CPU
		{CF3067D9-0284-4AB7-95A2-2A269EBA5DEB}.Release|Any CPU.ActiveCfg = Release|Any CPU
		{CF3067D9-0284-4AB7-95A2-2A269EBA5DEB}.Release|Any CPU.Build.0 = Release|Any CPU
		{B7292A31-2412-428A-B22E-86D864D34259}.Debug|Any CPU.ActiveCfg = Debug|Any CPU
		{B7292A31-2412-428A-B22E-86D864D34259}.Debug|Any CPU.Build.0 = Debug|Any CPU
		{B7292A31-2412-428A-B22E-86D864D34259}.Release|Any CPU.ActiveCfg = Release|Any CPU
		{B7292A31-2412-428A-B22E-86D864D34259}.Release|Any CPU.Build.0 = Release|Any CPU
		{6389E96E-E0D9-48E3-B213-078303453230}.Debug|Any CPU.ActiveCfg = Debug|Any CPU
		{6389E96E-E0D9-48E3-B213-078303453230}.Debug|Any CPU.Build.0 = Debug|Any CPU
		{6389E96E-E0D9-48E3-B213-078303453230}.Release|Any CPU.ActiveCfg = Release|Any CPU
		{6389E96E-E0D9-48E3-B213-078303453230}.Release|Any CPU.Build.0 = Release|Any CPU
	EndGlobalSection
EndGlobal
